// !$*UTF8*$!
{
	archiveVersion = 1;
	classes = {
	};
	objectVersion = 48;
	objects = {

/* Begin PBXBuildFile section */
		4D70D2C52073BE6E006032BB /* PomodoroTimerTests.swift in Sources */ = {isa = PBXBuildFile; fileRef = 4D70D2C42073BE6E006032BB /* PomodoroTimerTests.swift */; };
		4DA541DE206CAE4C0086CF96 /* AppDelegate.swift in Sources */ = {isa = PBXBuildFile; fileRef = 4DA541DD206CAE4C0086CF96 /* AppDelegate.swift */; };
		4DA541E0206CAE4C0086CF96 /* Assets.xcassets in Resources */ = {isa = PBXBuildFile; fileRef = 4DA541DF206CAE4C0086CF96 /* Assets.xcassets */; };
		4DA541E3206CAE4C0086CF96 /* MainMenu.xib in Resources */ = {isa = PBXBuildFile; fileRef = 4DA541E1206CAE4C0086CF96 /* MainMenu.xib */; };
		4DA541FA206CAE4C0086CF96 /* TimerUITests.swift in Sources */ = {isa = PBXBuildFile; fileRef = 4DA541F9206CAE4C0086CF96 /* TimerUITests.swift */; };
		4DA54208206DFCB80086CF96 /* PomodoroTimer.swift in Sources */ = {isa = PBXBuildFile; fileRef = 4DA54207206DFCB80086CF96 /* PomodoroTimer.swift */; };
/* End PBXBuildFile section */

/* Begin PBXContainerItemProxy section */
		4DA541EB206CAE4C0086CF96 /* PBXContainerItemProxy */ = {
			isa = PBXContainerItemProxy;
			containerPortal = 4DA541D2206CAE4C0086CF96 /* Project object */;
			proxyType = 1;
			remoteGlobalIDString = 4DA541D9206CAE4C0086CF96;
			remoteInfo = Timer;
		};
		4DA541F6206CAE4C0086CF96 /* PBXContainerItemProxy */ = {
			isa = PBXContainerItemProxy;
			containerPortal = 4DA541D2206CAE4C0086CF96 /* Project object */;
			proxyType = 1;
			remoteGlobalIDString = 4DA541D9206CAE4C0086CF96;
			remoteInfo = Timer;
		};
/* End PBXContainerItemProxy section */

/* Begin PBXFileReference section */
		4D70D2C42073BE6E006032BB /* PomodoroTimerTests.swift */ = {isa = PBXFileReference; lastKnownFileType = sourcecode.swift; path = PomodoroTimerTests.swift; sourceTree = "<group>"; };
		4DA541DA206CAE4C0086CF96 /* Timer.app */ = {isa = PBXFileReference; explicitFileType = wrapper.application; includeInIndex = 0; path = Timer.app; sourceTree = BUILT_PRODUCTS_DIR; };
		4DA541DD206CAE4C0086CF96 /* AppDelegate.swift */ = {isa = PBXFileReference; lastKnownFileType = sourcecode.swift; path = AppDelegate.swift; sourceTree = "<group>"; };
		4DA541DF206CAE4C0086CF96 /* Assets.xcassets */ = {isa = PBXFileReference; lastKnownFileType = folder.assetcatalog; path = Assets.xcassets; sourceTree = "<group>"; };
		4DA541E2206CAE4C0086CF96 /* Base */ = {isa = PBXFileReference; lastKnownFileType = file.xib; name = Base; path = Base.lproj/MainMenu.xib; sourceTree = "<group>"; };
		4DA541E4206CAE4C0086CF96 /* Info.plist */ = {isa = PBXFileReference; lastKnownFileType = text.plist.xml; path = Info.plist; sourceTree = "<group>"; };
		4DA541E5206CAE4C0086CF96 /* Timer.entitlements */ = {isa = PBXFileReference; lastKnownFileType = text.plist.entitlements; path = Timer.entitlements; sourceTree = "<group>"; };
		4DA541EA206CAE4C0086CF96 /* TimerTests.xctest */ = {isa = PBXFileReference; explicitFileType = wrapper.cfbundle; includeInIndex = 0; path = TimerTests.xctest; sourceTree = BUILT_PRODUCTS_DIR; };
		4DA541F0206CAE4C0086CF96 /* Info.plist */ = {isa = PBXFileReference; lastKnownFileType = text.plist.xml; path = Info.plist; sourceTree = "<group>"; };
		4DA541F5206CAE4C0086CF96 /* TimerUITests.xctest */ = {isa = PBXFileReference; explicitFileType = wrapper.cfbundle; includeInIndex = 0; path = TimerUITests.xctest; sourceTree = BUILT_PRODUCTS_DIR; };
		4DA541F9206CAE4C0086CF96 /* TimerUITests.swift */ = {isa = PBXFileReference; lastKnownFileType = sourcecode.swift; path = TimerUITests.swift; sourceTree = "<group>"; };
		4DA541FB206CAE4C0086CF96 /* Info.plist */ = {isa = PBXFileReference; lastKnownFileType = text.plist.xml; path = Info.plist; sourceTree = "<group>"; };
		4DA54207206DFCB80086CF96 /* PomodoroTimer.swift */ = {isa = PBXFileReference; lastKnownFileType = sourcecode.swift; path = PomodoroTimer.swift; sourceTree = "<group>"; };
/* End PBXFileReference section */

/* Begin PBXFrameworksBuildPhase section */
		4DA541D7206CAE4C0086CF96 /* Frameworks */ = {
			isa = PBXFrameworksBuildPhase;
			buildActionMask = 2147483647;
			files = (
			);
			runOnlyForDeploymentPostprocessing = 0;
		};
		4DA541E7206CAE4C0086CF96 /* Frameworks */ = {
			isa = PBXFrameworksBuildPhase;
			buildActionMask = 2147483647;
			files = (
			);
			runOnlyForDeploymentPostprocessing = 0;
		};
		4DA541F2206CAE4C0086CF96 /* Frameworks */ = {
			isa = PBXFrameworksBuildPhase;
			buildActionMask = 2147483647;
			files = (
			);
			runOnlyForDeploymentPostprocessing = 0;
		};
/* End PBXFrameworksBuildPhase section */

/* Begin PBXGroup section */
		4DA541D1206CAE4C0086CF96 = {
			isa = PBXGroup;
			children = (
				4DA541DC206CAE4C0086CF96 /* Timer */,
				4DA541ED206CAE4C0086CF96 /* TimerTests */,
				4DA541F8206CAE4C0086CF96 /* TimerUITests */,
				4DA541DB206CAE4C0086CF96 /* Products */,
			);
			sourceTree = "<group>";
		};
		4DA541DB206CAE4C0086CF96 /* Products */ = {
			isa = PBXGroup;
			children = (
				4DA541DA206CAE4C0086CF96 /* Timer.app */,
				4DA541EA206CAE4C0086CF96 /* TimerTests.xctest */,
				4DA541F5206CAE4C0086CF96 /* TimerUITests.xctest */,
			);
			name = Products;
			sourceTree = "<group>";
		};
		4DA541DC206CAE4C0086CF96 /* Timer */ = {
			isa = PBXGroup;
			children = (
				4DA541DD206CAE4C0086CF96 /* AppDelegate.swift */,
				4DA54207206DFCB80086CF96 /* PomodoroTimer.swift */,
				4DA541E1206CAE4C0086CF96 /* MainMenu.xib */,
				4DA541E4206CAE4C0086CF96 /* Info.plist */,
				4DA541E5206CAE4C0086CF96 /* Timer.entitlements */,
				4DA541DF206CAE4C0086CF96 /* Assets.xcassets */,
			);
			path = Timer;
			sourceTree = "<group>";
		};
		4DA541ED206CAE4C0086CF96 /* TimerTests */ = {
			isa = PBXGroup;
			children = (
				4D70D2C42073BE6E006032BB /* PomodoroTimerTests.swift */,
				4DA541F0206CAE4C0086CF96 /* Info.plist */,
			);
			path = TimerTests;
			sourceTree = "<group>";
		};
		4DA541F8206CAE4C0086CF96 /* TimerUITests */ = {
			isa = PBXGroup;
			children = (
				4DA541F9206CAE4C0086CF96 /* TimerUITests.swift */,
				4DA541FB206CAE4C0086CF96 /* Info.plist */,
			);
			path = TimerUITests;
			sourceTree = "<group>";
		};
/* End PBXGroup section */

/* Begin PBXNativeTarget section */
		4DA541D9206CAE4C0086CF96 /* Timer */ = {
			isa = PBXNativeTarget;
			buildConfigurationList = 4DA541FE206CAE4C0086CF96 /* Build configuration list for PBXNativeTarget "Timer" */;
			buildPhases = (
				4DA541D6206CAE4C0086CF96 /* Sources */,
				4DA541D7206CAE4C0086CF96 /* Frameworks */,
				4DA541D8206CAE4C0086CF96 /* Resources */,
			);
			buildRules = (
			);
			dependencies = (
			);
			name = Timer;
			productName = Timer;
			productReference = 4DA541DA206CAE4C0086CF96 /* Timer.app */;
			productType = "com.apple.product-type.application";
		};
		4DA541E9206CAE4C0086CF96 /* TimerTests */ = {
			isa = PBXNativeTarget;
			buildConfigurationList = 4DA54201206CAE4C0086CF96 /* Build configuration list for PBXNativeTarget "TimerTests" */;
			buildPhases = (
				4DA541E6206CAE4C0086CF96 /* Sources */,
				4DA541E7206CAE4C0086CF96 /* Frameworks */,
				4DA541E8206CAE4C0086CF96 /* Resources */,
			);
			buildRules = (
			);
			dependencies = (
				4DA541EC206CAE4C0086CF96 /* PBXTargetDependency */,
			);
			name = TimerTests;
			productName = TimerTests;
			productReference = 4DA541EA206CAE4C0086CF96 /* TimerTests.xctest */;
			productType = "com.apple.product-type.bundle.unit-test";
		};
		4DA541F4206CAE4C0086CF96 /* TimerUITests */ = {
			isa = PBXNativeTarget;
			buildConfigurationList = 4DA54204206CAE4C0086CF96 /* Build configuration list for PBXNativeTarget "TimerUITests" */;
			buildPhases = (
				4DA541F1206CAE4C0086CF96 /* Sources */,
				4DA541F2206CAE4C0086CF96 /* Frameworks */,
				4DA541F3206CAE4C0086CF96 /* Resources */,
			);
			buildRules = (
			);
			dependencies = (
				4DA541F7206CAE4C0086CF96 /* PBXTargetDependency */,
			);
			name = TimerUITests;
			productName = TimerUITests;
			productReference = 4DA541F5206CAE4C0086CF96 /* TimerUITests.xctest */;
			productType = "com.apple.product-type.bundle.ui-testing";
		};
/* End PBXNativeTarget section */

/* Begin PBXProject section */
		4DA541D2206CAE4C0086CF96 /* Project object */ = {
			isa = PBXProject;
			attributes = {
				LastSwiftUpdateCheck = 0920;
				LastUpgradeCheck = 0920;
				ORGANIZATIONNAME = "Kazuyoshi Kato";
				TargetAttributes = {
					4DA541D9206CAE4C0086CF96 = {
						CreatedOnToolsVersion = 9.2;
						ProvisioningStyle = Automatic;
					};
					4DA541E9206CAE4C0086CF96 = {
						CreatedOnToolsVersion = 9.2;
						ProvisioningStyle = Automatic;
						TestTargetID = 4DA541D9206CAE4C0086CF96;
					};
					4DA541F4206CAE4C0086CF96 = {
						CreatedOnToolsVersion = 9.2;
						ProvisioningStyle = Automatic;
						TestTargetID = 4DA541D9206CAE4C0086CF96;
					};
				};
			};
			buildConfigurationList = 4DA541D5206CAE4C0086CF96 /* Build configuration list for PBXProject "Timer" */;
			compatibilityVersion = "Xcode 8.0";
			developmentRegion = en;
			hasScannedForEncodings = 0;
			knownRegions = (
				en,
				Base,
			);
			mainGroup = 4DA541D1206CAE4C0086CF96;
			productRefGroup = 4DA541DB206CAE4C0086CF96 /* Products */;
			projectDirPath = "";
			projectRoot = "";
			targets = (
				4DA541D9206CAE4C0086CF96 /* Timer */,
				4DA541E9206CAE4C0086CF96 /* TimerTests */,
				4DA541F4206CAE4C0086CF96 /* TimerUITests */,
			);
		};
/* End PBXProject section */

/* Begin PBXResourcesBuildPhase section */
		4DA541D8206CAE4C0086CF96 /* Resources */ = {
			isa = PBXResourcesBuildPhase;
			buildActionMask = 2147483647;
			files = (
				4DA541E0206CAE4C0086CF96 /* Assets.xcassets in Resources */,
				4DA541E3206CAE4C0086CF96 /* MainMenu.xib in Resources */,
			);
			runOnlyForDeploymentPostprocessing = 0;
		};
		4DA541E8206CAE4C0086CF96 /* Resources */ = {
			isa = PBXResourcesBuildPhase;
			buildActionMask = 2147483647;
			files = (
			);
			runOnlyForDeploymentPostprocessing = 0;
		};
		4DA541F3206CAE4C0086CF96 /* Resources */ = {
			isa = PBXResourcesBuildPhase;
			buildActionMask = 2147483647;
			files = (
			);
			runOnlyForDeploymentPostprocessing = 0;
		};
/* End PBXResourcesBuildPhase section */

/* Begin PBXSourcesBuildPhase section */
		4DA541D6206CAE4C0086CF96 /* Sources */ = {
			isa = PBXSourcesBuildPhase;
			buildActionMask = 2147483647;
			files = (
				4DA54208206DFCB80086CF96 /* PomodoroTimer.swift in Sources */,
				4DA541DE206CAE4C0086CF96 /* AppDelegate.swift in Sources */,
			);
			runOnlyForDeploymentPostprocessing = 0;
		};
		4DA541E6206CAE4C0086CF96 /* Sources */ = {
			isa = PBXSourcesBuildPhase;
			buildActionMask = 2147483647;
			files = (
				4D70D2C52073BE6E006032BB /* PomodoroTimerTests.swift in Sources */,
			);
			runOnlyForDeploymentPostprocessing = 0;
		};
		4DA541F1206CAE4C0086CF96 /* Sources */ = {
			isa = PBXSourcesBuildPhase;
			buildActionMask = 2147483647;
			files = (
				4DA541FA206CAE4C0086CF96 /* TimerUITests.swift in Sources */,
			);
			runOnlyForDeploymentPostprocessing = 0;
		};
/* End PBXSourcesBuildPhase section */

/* Begin PBXTargetDependency section */
		4DA541EC206CAE4C0086CF96 /* PBXTargetDependency */ = {
			isa = PBXTargetDependency;
			target = 4DA541D9206CAE4C0086CF96 /* Timer */;
			targetProxy = 4DA541EB206CAE4C0086CF96 /* PBXContainerItemProxy */;
		};
		4DA541F7206CAE4C0086CF96 /* PBXTargetDependency */ = {
			isa = PBXTargetDependency;
			target = 4DA541D9206CAE4C0086CF96 /* Timer */;
			targetProxy = 4DA541F6206CAE4C0086CF96 /* PBXContainerItemProxy */;
		};
/* End PBXTargetDependency section */

/* Begin PBXVariantGroup section */
		4DA541E1206CAE4C0086CF96 /* MainMenu.xib */ = {
			isa = PBXVariantGroup;
			children = (
				4DA541E2206CAE4C0086CF96 /* Base */,
			);
			name = MainMenu.xib;
			sourceTree = "<group>";
		};
/* End PBXVariantGroup section */

/* Begin XCBuildConfiguration section */
		4DA541FC206CAE4C0086CF96 /* Debug */ = {
			isa = XCBuildConfiguration;
			buildSettings = {
				ALWAYS_SEARCH_USER_PATHS = NO;
				CLANG_ANALYZER_NONNULL = YES;
				CLANG_ANALYZER_NUMBER_OBJECT_CONVERSION = YES_AGGRESSIVE;
				CLANG_CXX_LANGUAGE_STANDARD = "gnu++14";
				CLANG_CXX_LIBRARY = "libc++";
				CLANG_ENABLE_MODULES = YES;
				CLANG_ENABLE_OBJC_ARC = YES;
				CLANG_WARN_BLOCK_CAPTURE_AUTORELEASING = YES;
				CLANG_WARN_BOOL_CONVERSION = YES;
				CLANG_WARN_COMMA = YES;
				CLANG_WARN_CONSTANT_CONVERSION = YES;
				CLANG_WARN_DIRECT_OBJC_ISA_USAGE = YES_ERROR;
				CLANG_WARN_DOCUMENTATION_COMMENTS = YES;
				CLANG_WARN_EMPTY_BODY = YES;
				CLANG_WARN_ENUM_CONVERSION = YES;
				CLANG_WARN_INFINITE_RECURSION = YES;
				CLANG_WARN_INT_CONVERSION = YES;
				CLANG_WARN_NON_LITERAL_NULL_CONVERSION = YES;
				CLANG_WARN_OBJC_LITERAL_CONVERSION = YES;
				CLANG_WARN_OBJC_ROOT_CLASS = YES_ERROR;
				CLANG_WARN_RANGE_LOOP_ANALYSIS = YES;
				CLANG_WARN_STRICT_PROTOTYPES = YES;
				CLANG_WARN_SUSPICIOUS_MOVE = YES;
				CLANG_WARN_UNGUARDED_AVAILABILITY = YES_AGGRESSIVE;
				CLANG_WARN_UNREACHABLE_CODE = YES;
				CLANG_WARN__DUPLICATE_METHOD_MATCH = YES;
				CODE_SIGN_IDENTITY = "-";
				COPY_PHASE_STRIP = NO;
				DEBUG_INFORMATION_FORMAT = dwarf;
				ENABLE_STRICT_OBJC_MSGSEND = YES;
				ENABLE_TESTABILITY = YES;
				GCC_C_LANGUAGE_STANDARD = gnu11;
				GCC_DYNAMIC_NO_PIC = NO;
				GCC_NO_COMMON_BLOCKS = YES;
				GCC_OPTIMIZATION_LEVEL = 0;
				GCC_PREPROCESSOR_DEFINITIONS = (
					"DEBUG=1",
					"$(inherited)",
				);
				GCC_WARN_64_TO_32_BIT_CONVERSION = YES;
				GCC_WARN_ABOUT_RETURN_TYPE = YES_ERROR;
				GCC_WARN_UNDECLARED_SELECTOR = YES;
				GCC_WARN_UNINITIALIZED_AUTOS = YES_AGGRESSIVE;
				GCC_WARN_UNUSED_FUNCTION = YES;
				GCC_WARN_UNUSED_VARIABLE = YES;
				MACOSX_DEPLOYMENT_TARGET = 10.13;
				MTL_ENABLE_DEBUG_INFO = YES;
				ONLY_ACTIVE_ARCH = YES;
				SDKROOT = macosx;
				SWIFT_ACTIVE_COMPILATION_CONDITIONS = DEBUG;
				SWIFT_OPTIMIZATION_LEVEL = "-Onone";
			};
			name = Debug;
		};
		4DA541FD206CAE4C0086CF96 /* Release */ = {
			isa = XCBuildConfiguration;
			buildSettings = {
				ALWAYS_SEARCH_USER_PATHS = NO;
				CLANG_ANALYZER_NONNULL = YES;
				CLANG_ANALYZER_NUMBER_OBJECT_CONVERSION = YES_AGGRESSIVE;
				CLANG_CXX_LANGUAGE_STANDARD = "gnu++14";
				CLANG_CXX_LIBRARY = "libc++";
				CLANG_ENABLE_MODULES = YES;
				CLANG_ENABLE_OBJC_ARC = YES;
				CLANG_WARN_BLOCK_CAPTURE_AUTORELEASING = YES;
				CLANG_WARN_BOOL_CONVERSION = YES;
				CLANG_WARN_COMMA = YES;
				CLANG_WARN_CONSTANT_CONVERSION = YES;
				CLANG_WARN_DIRECT_OBJC_ISA_USAGE = YES_ERROR;
				CLANG_WARN_DOCUMENTATION_COMMENTS = YES;
				CLANG_WARN_EMPTY_BODY = YES;
				CLANG_WARN_ENUM_CONVERSION = YES;
				CLANG_WARN_INFINITE_RECURSION = YES;
				CLANG_WARN_INT_CONVERSION = YES;
				CLANG_WARN_NON_LITERAL_NULL_CONVERSION = YES;
				CLANG_WARN_OBJC_LITERAL_CONVERSION = YES;
				CLANG_WARN_OBJC_ROOT_CLASS = YES_ERROR;
				CLANG_WARN_RANGE_LOOP_ANALYSIS = YES;
				CLANG_WARN_STRICT_PROTOTYPES = YES;
				CLANG_WARN_SUSPICIOUS_MOVE = YES;
				CLANG_WARN_UNGUARDED_AVAILABILITY = YES_AGGRESSIVE;
				CLANG_WARN_UNREACHABLE_CODE = YES;
				CLANG_WARN__DUPLICATE_METHOD_MATCH = YES;
				CODE_SIGN_IDENTITY = "-";
				COPY_PHASE_STRIP = NO;
				DEBUG_INFORMATION_FORMAT = "dwarf-with-dsym";
				ENABLE_NS_ASSERTIONS = NO;
				ENABLE_STRICT_OBJC_MSGSEND = YES;
				GCC_C_LANGUAGE_STANDARD = gnu11;
				GCC_NO_COMMON_BLOCKS = YES;
				GCC_WARN_64_TO_32_BIT_CONVERSION = YES;
				GCC_WARN_ABOUT_RETURN_TYPE = YES_ERROR;
				GCC_WARN_UNDECLARED_SELECTOR = YES;
				GCC_WARN_UNINITIALIZED_AUTOS = YES_AGGRESSIVE;
				GCC_WARN_UNUSED_FUNCTION = YES;
				GCC_WARN_UNUSED_VARIABLE = YES;
				MACOSX_DEPLOYMENT_TARGET = 10.13;
				MTL_ENABLE_DEBUG_INFO = NO;
				SDKROOT = macosx;
				SWIFT_OPTIMIZATION_LEVEL = "-Owholemodule";
			};
			name = Release;
		};
		4DA541FF206CAE4C0086CF96 /* Debug */ = {
			isa = XCBuildConfiguration;
			buildSettings = {
				ASSETCATALOG_COMPILER_APPICON_NAME = AppIcon;
				CODE_SIGN_ENTITLEMENTS = Timer/Timer.entitlements;
				CODE_SIGN_STYLE = Automatic;
				COMBINE_HIDPI_IMAGES = YES;
				INFOPLIST_FILE = Timer/Info.plist;
				LD_RUNPATH_SEARCH_PATHS = "$(inherited) @executable_path/../Frameworks";
				MACOSX_DEPLOYMENT_TARGET = 10.12;
				PRODUCT_BUNDLE_IDENTIFIER = com.pactdisc.Timer;
				PRODUCT_NAME = "$(TARGET_NAME)";
				SWIFT_VERSION = 4.0;
			};
			name = Debug;
		};
		4DA54200206CAE4C0086CF96 /* Release */ = {
			isa = XCBuildConfiguration;
			buildSettings = {
				ASSETCATALOG_COMPILER_APPICON_NAME = AppIcon;
				CODE_SIGN_ENTITLEMENTS = Timer/Timer.entitlements;
				CODE_SIGN_STYLE = Automatic;
				COMBINE_HIDPI_IMAGES = YES;
				INFOPLIST_FILE = Timer/Info.plist;
				LD_RUNPATH_SEARCH_PATHS = "$(inherited) @executable_path/../Frameworks";
				MACOSX_DEPLOYMENT_TARGET = 10.12;
				PRODUCT_BUNDLE_IDENTIFIER = com.pactdisc.Timer;
				PRODUCT_NAME = "$(TARGET_NAME)";
				SWIFT_VERSION = 4.0;
			};
			name = Release;
		};
		4DA54202206CAE4C0086CF96 /* Debug */ = {
			isa = XCBuildConfiguration;
			buildSettings = {
				ALWAYS_EMBED_SWIFT_STANDARD_LIBRARIES = YES;
				BUNDLE_LOADER = "$(TEST_HOST)";
				CODE_SIGN_STYLE = Automatic;
				COMBINE_HIDPI_IMAGES = YES;
				INFOPLIST_FILE = TimerTests/Info.plist;
				LD_RUNPATH_SEARCH_PATHS = "$(inherited) @executable_path/../Frameworks @loader_path/../Frameworks";
				PRODUCT_BUNDLE_IDENTIFIER = com.pactdisc.TimerTests;
				PRODUCT_NAME = "$(TARGET_NAME)";
				SWIFT_VERSION = 4.0;
				TEST_HOST = "$(BUILT_PRODUCTS_DIR)/Timer.app/Contents/MacOS/Timer";
			};
			name = Debug;
		};
		4DA54203206CAE4C0086CF96 /* Release */ = {
			isa = XCBuildConfiguration;
			buildSettings = {
				ALWAYS_EMBED_SWIFT_STANDARD_LIBRARIES = YES;
				BUNDLE_LOADER = "$(TEST_HOST)";
				CODE_SIGN_STYLE = Automatic;
				COMBINE_HIDPI_IMAGES = YES;
				INFOPLIST_FILE = TimerTests/Info.plist;
				LD_RUNPATH_SEARCH_PATHS = "$(inherited) @executable_path/../Frameworks @loader_path/../Frameworks";
				PRODUCT_BUNDLE_IDENTIFIER = com.pactdisc.TimerTests;
				PRODUCT_NAME = "$(TARGET_NAME)";
				SWIFT_VERSION = 4.0;
				TEST_HOST = "$(BUILT_PRODUCTS_DIR)/Timer.app/Contents/MacOS/Timer";
			};
			name = Release;
		};
		4DA54205206CAE4C0086CF96 /* Debug */ = {
			isa = XCBuildConfiguration;
			buildSettings = {
				ALWAYS_EMBED_SWIFT_STANDARD_LIBRARIES = YES;
				CODE_SIGN_STYLE = Automatic;
				COMBINE_HIDPI_IMAGES = YES;
				INFOPLIST_FILE = TimerUITests/Info.plist;
				LD_RUNPATH_SEARCH_PATHS = "$(inherited) @executable_path/../Frameworks @loader_path/../Frameworks";
				PRODUCT_BUNDLE_IDENTIFIER = com.pactdisc.TimerUITests;
				PRODUCT_NAME = "$(TARGET_NAME)";
				SWIFT_VERSION = 4.0;
				TEST_TARGET_NAME = Timer;
			};
			name = Debug;
		};
		4DA54206206CAE4C0086CF96 /* Release */ = {
			isa = XCBuildConfiguration;
			buildSettings = {
				ALWAYS_EMBED_SWIFT_STANDARD_LIBRARIES = YES;
				CODE_SIGN_STYLE = Automatic;
				COMBINE_HIDPI_IMAGES = YES;
				INFOPLIST_FILE = TimerUITests/Info.plist;
				LD_RUNPATH_SEARCH_PATHS = "$(inherited) @executable_path/../Frameworks @loader_path/../Frameworks";
				PRODUCT_BUNDLE_IDENTIFIER = com.pactdisc.TimerUITests;
				PRODUCT_NAME = "$(TARGET_NAME)";
				SWIFT_VERSION = 4.0;
				TEST_TARGET_NAME = Timer;
			};
			name = Release;
		};
/* End XCBuildConfiguration section */

/* Begin XCConfigurationList section */
		4DA541D5206CAE4C0086CF96 /* Build configuration list for PBXProject "Timer" */ = {
			isa = XCConfigurationList;
			buildConfigurations = (
				4DA541FC206CAE4C0086CF96 /* Debug */,
				4DA541FD206CAE4C0086CF96 /* Release */,
			);
			defaultConfigurationIsVisible = 0;
			defaultConfigurationName = Release;
		};
		4DA541FE206CAE4C0086CF96 /* Build configuration list for PBXNativeTarget "Timer" */ = {
			isa = XCConfigurationList;
			buildConfigurations = (
				4DA541FF206CAE4C0086CF96 /* Debug */,
				4DA54200206CAE4C0086CF96 /* Release */,
			);
			defaultConfigurationIsVisible = 0;
			defaultConfigurationName = Release;
		};
		4DA54201206CAE4C0086CF96 /* Build configuration list for PBXNativeTarget "TimerTests" */ = {
			isa = XCConfigurationList;
			buildConfigurations = (
				4DA54202206CAE4C0086CF96 /* Debug */,
				4DA54203206CAE4C0086CF96 /* Release */,
			);
			defaultConfigurationIsVisible = 0;
			defaultConfigurationName = Release;
		};
		4DA54204206CAE4C0086CF96 /* Build configuration list for PBXNativeTarget "TimerUITests" */ = {
			isa = XCConfigurationList;
			buildConfigurations = (
				4DA54205206CAE4C0086CF96 /* Debug */,
				4DA54206206CAE4C0086CF96 /* Release */,
			);
			defaultConfigurationIsVisible = 0;
			defaultConfigurationName = Release;
		};
/* End XCConfigurationList section */
	};
	rootObject = 4DA541D2206CAE4C0086CF96 /* Project object */;
}
